
Microsoft Visual Studio Solution File, Format Version 12.00
# Visual Studio Version 17
VisualStudioVersion = 17.11.35222.181
MinimumVisualStudioVersion = 10.0.40219.1
Project("{FAE04EC0-301F-11D3-BF4B-00C04F79EFBC}") = "DiffCheckerLib", "DiffCheckerLib\DiffCheckerLib.csproj", "{CF091524-A9F6-4A53-82A5-C055349CB6F9}"
EndProject
Project("{FAE04EC0-301F-11D3-BF4B-00C04F79EFBC}") = "DiffCheckerCore", "DiffCheckerCore\DiffCheckerCore.csproj", "{973DF09F-736B-416A-B434-3EB65D98BE29}"
EndProject
Project("{FAE04EC0-301F-11D3-BF4B-00C04F79EFBC}") = "STBridge210", "STBridge210\STBridge210.csproj", "{6834AB7A-5515-4159-A0E0-C1426D9B3F31}"
EndProject
Project("{FAE04EC0-301F-11D3-BF4B-00C04F79EFBC}") = "DiffCheckerWeb", "DiffCheckerWeb\DiffCheckerWeb.csproj", "{45D10350-50FB-46BC-9722-E83528B46F4F}"
EndProject
Project("{FAE04EC0-301F-11D3-BF4B-00C04F79EFBC}") = "STBridge201", "STBridge201\STBridge201.csproj", "{F427F937-97C6-485B-8912-D8AD5C1EDE65}"
EndProject
Project("{FAE04EC0-301F-11D3-BF4B-00C04F79EFBC}") = "STBridge202", "STBridge202\STBridge202.csproj", "{56E47677-45B5-4F03-B2F5-D456DA173468}"
EndProject
Project("{FAE04EC0-301F-11D3-BF4B-00C04F79EFBC}") = "STB-DiffChecker.Desktop", "STB-DiffChecker.Desktop\STB-DiffChecker.Desktop.csproj", "{675C652D-6B62-4D91-B814-0A7871A4F31A}"
EndProject
Project("{2150E333-8FDC-42A3-9474-1A3956D46DE8}") = "tools", "tools", "{07C2787E-EAC7-C090-1BA3-A61EC2A24D84}"
EndProject
Project("{FAE04EC0-301F-11D3-BF4B-00C04F79EFBC}") = "DiffCheckerHarness", "tools\DiffCheckerHarness\DiffCheckerHarness.csproj", "{A37F64EB-99B2-4EEE-BDB5-05DF5CAEC0B0}"
EndProject
Global
	GlobalSection(SolutionConfigurationPlatforms) = preSolution
		Debug|Any CPU = Debug|Any CPU
		Debug|x64 = Debug|x64
		Debug|x86 = Debug|x86
		Release|Any CPU = Release|Any CPU
		Release|x64 = Release|x64
		Release|x86 = Release|x86
	EndGlobalSection
	GlobalSection(ProjectConfigurationPlatforms) = postSolution
		{CF091524-A9F6-4A53-82A5-C055349CB6F9}.Debug|Any CPU.ActiveCfg = Debug|Any CPU
		{CF091524-A9F6-4A53-82A5-C055349CB6F9}.Debug|Any CPU.Build.0 = Debug|Any CPU
		{CF091524-A9F6-4A53-82A5-C055349CB6F9}.Debug|x64.ActiveCfg = Debug|Any CPU
		{CF091524-A9F6-4A53-82A5-C055349CB6F9}.Debug|x64.Build.0 = Debug|Any CPU
		{CF091524-A9F6-4A53-82A5-C055349CB6F9}.Debug|x86.ActiveCfg = Debug|Any CPU
		{CF091524-A9F6-4A53-82A5-C055349CB6F9}.Debug|x86.Build.0 = Debug|Any CPU
		{CF091524-A9F6-4A53-82A5-C055349CB6F9}.Release|Any CPU.ActiveCfg = Release|Any CPU
		{CF091524-A9F6-4A53-82A5-C055349CB6F9}.Release|Any CPU.Build.0 = Release|Any CPU
		{CF091524-A9F6-4A53-82A5-C055349CB6F9}.Release|x64.ActiveCfg = Release|Any CPU
		{CF091524-A9F6-4A53-82A5-C055349CB6F9}.Release|x64.Build.0 = Release|Any CPU
		{CF091524-A9F6-4A53-82A5-C055349CB6F9}.Release|x86.ActiveCfg = Release|Any CPU
		{CF091524-A9F6-4A53-82A5-C055349CB6F9}.Release|x86.Build.0 = Release|Any CPU
		{973DF09F-736B-416A-B434-3EB65D98BE29}.Debug|Any CPU.ActiveCfg = Debug|Any CPU
		{973DF09F-736B-416A-B434-3EB65D98BE29}.Debug|Any CPU.Build.0 = Debug|Any CPU
		{973DF09F-736B-416A-B434-3EB65D98BE29}.Debug|x64.ActiveCfg = Debug|Any CPU
		{973DF09F-736B-416A-B434-3EB65D98BE29}.Debug|x64.Build.0 = Debug|Any CPU
		{973DF09F-736B-416A-B434-3EB65D98BE29}.Debug|x86.ActiveCfg = Debug|Any CPU
		{973DF09F-736B-416A-B434-3EB65D98BE29}.Debug|x86.Build.0 = Debug|Any CPU
		{973DF09F-736B-416A-B434-3EB65D98BE29}.Release|Any CPU.ActiveCfg = Release|Any CPU
		{973DF09F-736B-416A-B434-3EB65D98BE29}.Release|Any CPU.Build.0 = Release|Any CPU
		{973DF09F-736B-416A-B434-3EB65D98BE29}.Release|x64.ActiveCfg = Release|Any CPU
		{973DF09F-736B-416A-B434-3EB65D98BE29}.Release|x64.Build.0 = Release|Any CPU
		{973DF09F-736B-416A-B434-3EB65D98BE29}.Release|x86.ActiveCfg = Release|Any CPU
		{973DF09F-736B-416A-B434-3EB65D98BE29}.Release|x86.Build.0 = Release|Any CPU
		{6834AB7A-5515-4159-A0E0-C1426D9B3F31}.Debug|Any CPU.ActiveCfg = Debug|Any CPU
		{6834AB7A-5515-4159-A0E0-C1426D9B3F31}.Debug|Any CPU.Build.0 = Debug|Any CPU
		{6834AB7A-5515-4159-A0E0-C1426D9B3F31}.Debug|x64.ActiveCfg = Debug|Any CPU
		{6834AB7A-5515-4159-A0E0-C1426D9B3F31}.Debug|x64.Build.0 = Debug|Any CPU
		{6834AB7A-5515-4159-A0E0-C1426D9B3F31}.Debug|x86.ActiveCfg = Debug|Any CPU
		{6834AB7A-5515-4159-A0E0-C1426D9B3F31}.Debug|x86.Build.0 = Debug|Any CPU
		{6834AB7A-5515-4159-A0E0-C1426D9B3F31}.Release|Any CPU.ActiveCfg = Release|Any CPU
		{6834AB7A-5515-4159-A0E0-C1426D9B3F31}.Release|Any CPU.Build.0 = Release|Any CPU
		{6834AB7A-5515-4159-A0E0-C1426D9B3F31}.Release|x64.ActiveCfg = Release|Any CPU
		{6834AB7A-5515-4159-A0E0-C1426D9B3F31}.Release|x64.Build.0 = Release|Any CPU
		{6834AB7A-5515-4159-A0E0-C1426D9B3F31}.Release|x86.ActiveCfg = Release|Any CPU
		{6834AB7A-5515-4159-A0E0-C1426D9B3F31}.Release|x86.Build.0 = Release|Any CPU
		{45D10350-50FB-46BC-9722-E83528B46F4F}.Debug|Any CPU.ActiveCfg = Debug|Any CPU
		{45D10350-50FB-46BC-9722-E83528B46F4F}.Debug|Any CPU.Build.0 = Debug|Any CPU
		{45D10350-50FB-46BC-9722-E83528B46F4F}.Debug|x64.ActiveCfg = Debug|Any CPU
		{45D10350-50FB-46BC-9722-E83528B46F4F}.Debug|x64.Build.0 = Debug|Any CPU
		{45D10350-50FB-46BC-9722-E83528B46F4F}.Debug|x86.ActiveCfg = Debug|Any CPU
		{45D10350-50FB-46BC-9722-E83528B46F4F}.Debug|x86.Build.0 = Debug|Any CPU
		{45D10350-50FB-46BC-9722-E83528B46F4F}.Release|Any CPU.ActiveCfg = Release|Any CPU
		{45D10350-50FB-46BC-9722-E83528B46F4F}.Release|Any CPU.Build.0 = Release|Any CPU
		{45D10350-50FB-46BC-9722-E83528B46F4F}.Release|x64.ActiveCfg = Release|Any CPU
		{45D10350-50FB-46BC-9722-E83528B46F4F}.Release|x64.Build.0 = Release|Any CPU
		{45D10350-50FB-46BC-9722-E83528B46F4F}.Release|x86.ActiveCfg = Release|Any CPU
		{45D10350-50FB-46BC-9722-E83528B46F4F}.Release|x86.Build.0 = Release|Any CPU
		{F427F937-97C6-485B-8912-D8AD5C1EDE65}.Debug|Any CPU.ActiveCfg = Debug|Any CPU
		{F427F937-97C6-485B-8912-D8AD5C1EDE65}.Debug|Any CPU.Build.0 = Debug|Any CPU
		{F427F937-97C6-485B-8912-D8AD5C1EDE65}.Debug|x64.ActiveCfg = Debug|Any CPU
		{F427F937-97C6-485B-8912-D8AD5C1EDE65}.Debug|x64.Build.0 = Debug|Any CPU
		{F427F937-97C6-485B-8912-D8AD5C1EDE65}.Debug|x86.ActiveCfg = Debug|Any CPU
		{F427F937-97C6-485B-8912-D8AD5C1EDE65}.Debug|x86.Build.0 = Debug|Any CPU
		{F427F937-97C6-485B-8912-D8AD5C1EDE65}.Release|Any CPU.ActiveCfg = Release|Any CPU
		{F427F937-97C6-485B-8912-D8AD5C1EDE65}.Release|Any CPU.Build.0 = Release|Any CPU
		{F427F937-97C6-485B-8912-D8AD5C1EDE65}.Release|x64.ActiveCfg = Release|Any CPU
		{F427F937-97C6-485B-8912-D8AD5C1EDE65}.Release|x64.Build.0 = Release|Any CPU
		{F427F937-97C6-485B-8912-D8AD5C1EDE65}.Release|x86.ActiveCfg = Release|Any CPU
		{F427F937-97C6-485B-8912-D8AD5C1EDE65}.Release|x86.Build.0 = Release|Any CPU
		{56E47677-45B5-4F03-B2F5-D456DA173468}.Debug|Any CPU.ActiveCfg = Debug|Any CPU
		{56E47677-45B5-4F03-B2F5-D456DA173468}.Debug|Any CPU.Build.0 = Debug|Any CPU
		{56E47677-45B5-4F03-B2F5-D456DA173468}.Debug|x64.ActiveCfg = Debug|Any CPU
		{56E47677-45B5-4F03-B2F5-D456DA173468}.Debug|x64.Build.0 = Debug|Any CPU
		{56E47677-45B5-4F03-B2F5-D456DA173468}.Debug|x86.ActiveCfg = Debug|Any CPU
		{56E47677-45B5-4F03-B2F5-D456DA173468}.Debug|x86.Build.0 = Debug|Any CPU
		{56E47677-45B5-4F03-B2F5-D456DA173468}.Release|Any CPU.ActiveCfg = Release|Any CPU
		{56E47677-45B5-4F03-B2F5-D456DA173468}.Release|Any CPU.Build.0 = Release|Any CPU
		{56E47677-45B5-4F03-B2F5-D456DA173468}.Release|x64.ActiveCfg = Release|Any CPU
		{56E47677-45B5-4F03-B2F5-D456DA173468}.Release|x64.Build.0 = Release|Any CPU
		{56E47677-45B5-4F03-B2F5-D456DA173468}.Release|x86.ActiveCfg = Release|Any CPU
		{56E47677-45B5-4F03-B2F5-D456DA173468}.Release|x86.Build.0 = Release|Any CPU
		{675C652D-6B62-4D91-B814-0A7871A4F31A}.Debug|Any CPU.ActiveCfg = Debug|Any CPU
		{675C652D-6B62-4D91-B814-0A7871A4F31A}.Debug|Any CPU.Build.0 = Debug|Any CPU
		{675C652D-6B62-4D91-B814-0A7871A4F31A}.Debug|x64.ActiveCfg = Debug|Any CPU
		{675C652D-6B62-4D91-B814-0A7871A4F31A}.Debug|x64.Build.0 = Debug|Any CPU
		{675C652D-6B62-4D91-B814-0A7871A4F31A}.Debug|x86.ActiveCfg = Debug|Any CPU
		{675C652D-6B62-4D91-B814-0A7871A4F31A}.Debug|x86.Build.0 = Debug|Any CPU
		{675C652D-6B62-4D91-B814-0A7871A4F31A}.Release|Any CPU.ActiveCfg = Release|Any CPU
		{675C652D-6B62-4D91-B814-0A7871A4F31A}.Release|Any CPU.Build.0 = Release|Any CPU
		{675C652D-6B62-4D91-B814-0A7871A4F31A}.Release|x64.ActiveCfg = Release|Any CPU
		{675C652D-6B62-4D91-B814-0A7871A4F31A}.Release|x64.Build.0 = Release|Any CPU
		{675C652D-6B62-4D91-B814-0A7871A4F31A}.Release|x86.ActiveCfg = Release|Any CPU
		{675C652D-6B62-4D91-B814-0A7871A4F31A}.Release|x86.Build.0 = Release|Any CPU
		{A37F64EB-99B2-4EEE-BDB5-05DF5CAEC0B0}.Debug|Any CPU.ActiveCfg = Debug|Any CPU
		{A37F64EB-99B2-4EEE-BDB5-05DF5CAEC0B0}.Debug|Any CPU.Build.0 = Debug|Any CPU
		{A37F64EB-99B2-4EEE-BDB5-05DF5CAEC0B0}.Debug|x64.ActiveCfg = Debug|Any CPU
		{A37F64EB-99B2-4EEE-BDB5-05DF5CAEC0B0}.Debug|x64.Build.0 = Debug|Any CPU
		{A37F64EB-99B2-4EEE-BDB5-05DF5CAEC0B0}.Debug|x86.ActiveCfg = Debug|Any CPU
		{A37F64EB-99B2-4EEE-BDB5-05DF5CAEC0B0}.Debug|x86.Build.0 = Debug|Any CPU
		{A37F64EB-99B2-4EEE-BDB5-05DF5CAEC0B0}.Release|Any CPU.ActiveCfg = Release|Any CPU
		{A37F64EB-99B2-4EEE-BDB5-05DF5CAEC0B0}.Release|Any CPU.Build.0 = Release|Any CPU
		{A37F64EB-99B2-4EEE-BDB5-05DF5CAEC0B0}.Release|x64.ActiveCfg = Release|Any CPU
		{A37F64EB-99B2-4EEE-BDB5-05DF5CAEC0B0}.Release|x64.Build.0 = Release|Any CPU
		{A37F64EB-99B2-4EEE-BDB5-05DF5CAEC0B0}.Release|x86.ActiveCfg = Release|Any CPU
		{A37F64EB-99B2-4EEE-BDB5-05DF5CAEC0B0}.Release|x86.Build.0 = Release|Any CPU
	EndGlobalSection
	GlobalSection(SolutionProperties) = preSolution
		HideSolutionNode = FALSE
	EndGlobalSection
	GlobalSection(NestedProjects) = preSolution
		{A37F64EB-99B2-4EEE-BDB5-05DF5CAEC0B0} = {07C2787E-EAC7-C090-1BA3-A61EC2A24D84}
	EndGlobalSection
	GlobalSection(ExtensibilityGlobals) = postSolution
		SolutionGuid = {A29DC16E-3FDA-444F-B830-AE6F0DAD576F}
	EndGlobalSection
EndGlobal
